
Microsoft Visual Studio Solution File, Format Version 12.00
# Visual Studio Version 17
VisualStudioVersion = 17.10.35122.118
MinimumVisualStudioVersion = 10.0.40219.1
Project("{FAE04EC0-301F-11D3-BF4B-00C04F79EFBC}") = "CompanyInformation", "CompanyInformation\CompanyInformation.csproj", "{98DBF2B8-E7DD-48A3-BB6A-5165447E5615}"
EndProject
Global
	GlobalSection(SolutionConfigurationPlatforms) = preSolution
		Debug|Any CPU = Debug|Any CPU
		Release|Any CPU = Release|Any CPU
	EndGlobalSection
	GlobalSection(ProjectConfigurationPlatforms) = postSolution
		{98DBF2B8-E7DD-48A3-BB6A-5165447E5615}.Debug|Any CPU.ActiveCfg = Debug|Any CPU
		{98DBF2B8-E7DD-48A3-BB6A-5165447E5615}.Debug|Any CPU.Build.0 = Debug|Any CPU
		{98DBF2B8-E7DD-48A3-BB6A-5165447E5615}.Release|Any CPU.ActiveCfg = Release|Any CPU
		{98DBF2B8-E7DD-48A3-BB6A-5165447E5615}.Release|Any CPU.Build.0 = Release|Any CPU
	EndGlobalSection
	GlobalSection(SolutionProperties) = preSolution
		HideSolutionNode = FALSE
	EndGlobalSection
	GlobalSection(ExtensibilityGlobals) = postSolution
		SolutionGuid = {F82C9A19-924B-42F6-B785-4444D5EC39B6}
	EndGlobalSection
EndGlobal
